// !$*UTF8*$!
{
	archiveVersion = 1;
	classes = {
	};
	objectVersion = 50;
	objects = {

/* Begin PBXBuildFile section */
		74F8CEBF236B8DF300613AFC /* AppDelegate.swift in Sources */ = {isa = PBXBuildFile; fileRef = 74F8CEBE236B8DF300613AFC /* AppDelegate.swift */; };
		74F8CEC4236B8DF300613AFC /* Main.storyboard in Resources */ = {isa = PBXBuildFile; fileRef = 74F8CEC2236B8DF300613AFC /* Main.storyboard */; };
		74F8CEC7236B8DF400613AFC /* MeSeeHero.xcdatamodeld in Sources */ = {isa = PBXBuildFile; fileRef = 74F8CEC5236B8DF300613AFC /* MeSeeHero.xcdatamodeld */; };
		74F8CEC9236B8DF600613AFC /* Assets.xcassets in Resources */ = {isa = PBXBuildFile; fileRef = 74F8CEC8236B8DF600613AFC /* Assets.xcassets */; };
		74F8CECC236B8DF600613AFC /* LaunchScreen.storyboard in Resources */ = {isa = PBXBuildFile; fileRef = 74F8CECA236B8DF600613AFC /* LaunchScreen.storyboard */; };
		74F8CED7236B8DF600613AFC /* MeSeeHeroUITests.swift in Sources */ = {isa = PBXBuildFile; fileRef = 74F8CED6236B8DF600613AFC /* MeSeeHeroUITests.swift */; };
		74F8CEE3236B937800613AFC /* HeroTVC.swift in Sources */ = {isa = PBXBuildFile; fileRef = 74F8CEE2236B937800613AFC /* HeroTVC.swift */; };
		74F8CEE6236B93CF00613AFC /* HeroTVCell.swift in Sources */ = {isa = PBXBuildFile; fileRef = 74F8CEE5236B93CF00613AFC /* HeroTVCell.swift */; };
		74F8CEEA236B954200613AFC /* CoreDataStack.swift in Sources */ = {isa = PBXBuildFile; fileRef = 74F8CEE9236B954200613AFC /* CoreDataStack.swift */; };
		74F8CEEC236B957200613AFC /* Item+CoreDataClass.swift in Sources */ = {isa = PBXBuildFile; fileRef = 74F8CEEB236B957200613AFC /* Item+CoreDataClass.swift */; };
		74F8CEEE236B95C400613AFC /* Item+CoreDataProperties.swift in Sources */ = {isa = PBXBuildFile; fileRef = 74F8CEED236B95C400613AFC /* Item+CoreDataProperties.swift */; };
		74F8CEF0236BDA1F00613AFC /* HeroType.swift in Sources */ = {isa = PBXBuildFile; fileRef = 74F8CEEF236BDA1F00613AFC /* HeroType.swift */; };
		74F8CEF4236BF5EC00613AFC /* EditItemVC.swift in Sources */ = {isa = PBXBuildFile; fileRef = 74F8CEF3236BF5EC00613AFC /* EditItemVC.swift */; };
		74F8CEF6236E1A9A00613AFC /* DetailVC.swift in Sources */ = {isa = PBXBuildFile; fileRef = 74F8CEF5236E1A9A00613AFC /* DetailVC.swift */; };
/* End PBXBuildFile section */

/* Begin PBXContainerItemProxy section */
		74F8CED3236B8DF600613AFC /* PBXContainerItemProxy */ = {
			isa = PBXContainerItemProxy;
			containerPortal = 74F8CEB3236B8DF300613AFC /* Project object */;
			proxyType = 1;
			remoteGlobalIDString = 74F8CEBA236B8DF300613AFC;
			remoteInfo = MeSeeHero;
		};
/* End PBXContainerItemProxy section */

/* Begin PBXFileReference section */
		74F8CEBB236B8DF300613AFC /* MeSeeHero.app */ = {isa = PBXFileReference; explicitFileType = wrapper.application; includeInIndex = 0; path = MeSeeHero.app; sourceTree = BUILT_PRODUCTS_DIR; };
		74F8CEBE236B8DF300613AFC /* AppDelegate.swift */ = {isa = PBXFileReference; lastKnownFileType = sourcecode.swift; path = AppDelegate.swift; sourceTree = "<group>"; };
		74F8CEC3236B8DF300613AFC /* Base */ = {isa = PBXFileReference; lastKnownFileType = file.storyboard; name = Base; path = Base.lproj/Main.storyboard; sourceTree = "<group>"; };
		74F8CEC6236B8DF300613AFC /* MeSeeHero.xcdatamodel */ = {isa = PBXFileReference; lastKnownFileType = wrapper.xcdatamodel; path = MeSeeHero.xcdatamodel; sourceTree = "<group>"; };
		74F8CEC8236B8DF600613AFC /* Assets.xcassets */ = {isa = PBXFileReference; lastKnownFileType = folder.assetcatalog; path = Assets.xcassets; sourceTree = "<group>"; };
		74F8CECB236B8DF600613AFC /* Base */ = {isa = PBXFileReference; lastKnownFileType = file.storyboard; name = Base; path = Base.lproj/LaunchScreen.storyboard; sourceTree = "<group>"; };
		74F8CECD236B8DF600613AFC /* Info.plist */ = {isa = PBXFileReference; lastKnownFileType = text.plist.xml; path = Info.plist; sourceTree = "<group>"; };
		74F8CED2236B8DF600613AFC /* MeSeeHeroUITests.xctest */ = {isa = PBXFileReference; explicitFileType = wrapper.cfbundle; includeInIndex = 0; path = MeSeeHeroUITests.xctest; sourceTree = BUILT_PRODUCTS_DIR; };
		74F8CED6236B8DF600613AFC /* MeSeeHeroUITests.swift */ = {isa = PBXFileReference; lastKnownFileType = sourcecode.swift; path = MeSeeHeroUITests.swift; sourceTree = "<group>"; };
		74F8CED8236B8DF600613AFC /* Info.plist */ = {isa = PBXFileReference; lastKnownFileType = text.plist.xml; path = Info.plist; sourceTree = "<group>"; };
		74F8CEE2236B937800613AFC /* HeroTVC.swift */ = {isa = PBXFileReference; lastKnownFileType = sourcecode.swift; path = HeroTVC.swift; sourceTree = "<group>"; };
		74F8CEE5236B93CF00613AFC /* HeroTVCell.swift */ = {isa = PBXFileReference; lastKnownFileType = sourcecode.swift; path = HeroTVCell.swift; sourceTree = "<group>"; };
		74F8CEE9236B954200613AFC /* CoreDataStack.swift */ = {isa = PBXFileReference; lastKnownFileType = sourcecode.swift; path = CoreDataStack.swift; sourceTree = "<group>"; };
		74F8CEEB236B957200613AFC /* Item+CoreDataClass.swift */ = {isa = PBXFileReference; lastKnownFileType = sourcecode.swift; path = "Item+CoreDataClass.swift"; sourceTree = "<group>"; };
		74F8CEED236B95C400613AFC /* Item+CoreDataProperties.swift */ = {isa = PBXFileReference; lastKnownFileType = sourcecode.swift; path = "Item+CoreDataProperties.swift"; sourceTree = "<group>"; };
		74F8CEEF236BDA1F00613AFC /* HeroType.swift */ = {isa = PBXFileReference; lastKnownFileType = sourcecode.swift; path = HeroType.swift; sourceTree = "<group>"; };
		74F8CEF3236BF5EC00613AFC /* EditItemVC.swift */ = {isa = PBXFileReference; lastKnownFileType = sourcecode.swift; path = EditItemVC.swift; sourceTree = "<group>"; };
		74F8CEF5236E1A9A00613AFC /* DetailVC.swift */ = {isa = PBXFileReference; lastKnownFileType = sourcecode.swift; path = DetailVC.swift; sourceTree = "<group>"; };
/* End PBXFileReference section */

/* Begin PBXFrameworksBuildPhase section */
		74F8CEB8236B8DF300613AFC /* Frameworks */ = {
			isa = PBXFrameworksBuildPhase;
			buildActionMask = 2147483647;
			files = (
			);
			runOnlyForDeploymentPostprocessing = 0;
		};
		74F8CECF236B8DF600613AFC /* Frameworks */ = {
			isa = PBXFrameworksBuildPhase;
			buildActionMask = 2147483647;
			files = (
			);
			runOnlyForDeploymentPostprocessing = 0;
		};
/* End PBXFrameworksBuildPhase section */

/* Begin PBXGroup section */
		74F8CEB2236B8DF300613AFC = {
			isa = PBXGroup;
			children = (
				74F8CEBD236B8DF300613AFC /* MeSeeHero */,
				74F8CED5236B8DF600613AFC /* MeSeeHeroUITests */,
				74F8CEBC236B8DF300613AFC /* Products */,
			);
			sourceTree = "<group>";
		};
		74F8CEBC236B8DF300613AFC /* Products */ = {
			isa = PBXGroup;
			children = (
				74F8CEBB236B8DF300613AFC /* MeSeeHero.app */,
				74F8CED2236B8DF600613AFC /* MeSeeHeroUITests.xctest */,
			);
			name = Products;
			sourceTree = "<group>";
		};
		74F8CEBD236B8DF300613AFC /* MeSeeHero */ = {
			isa = PBXGroup;
			children = (
				74F8CEE1236B935000613AFC /* Classes */,
				74F8CEE4236B938200613AFC /* CoreData */,
				74F8CEC8236B8DF600613AFC /* Assets.xcassets */,
				74F8CEC2236B8DF300613AFC /* Main.storyboard */,
				74F8CECA236B8DF600613AFC /* LaunchScreen.storyboard */,
				74F8CECD236B8DF600613AFC /* Info.plist */,
			);
			path = MeSeeHero;
			sourceTree = "<group>";
		};
		74F8CED5236B8DF600613AFC /* MeSeeHeroUITests */ = {
			isa = PBXGroup;
			children = (
				74F8CED6236B8DF600613AFC /* MeSeeHeroUITests.swift */,
				74F8CED8236B8DF600613AFC /* Info.plist */,
			);
			path = MeSeeHeroUITests;
			sourceTree = "<group>";
		};
		74F8CEE1236B935000613AFC /* Classes */ = {
			isa = PBXGroup;
			children = (
				74F8CEBE236B8DF300613AFC /* AppDelegate.swift */,
				74F8CEE2236B937800613AFC /* HeroTVC.swift */,
				74F8CEE5236B93CF00613AFC /* HeroTVCell.swift */,
				74F8CEEF236BDA1F00613AFC /* HeroType.swift */,
				74F8CEF3236BF5EC00613AFC /* EditItemVC.swift */,
				74F8CEF5236E1A9A00613AFC /* DetailVC.swift */,
			);
			path = Classes;
			sourceTree = "<group>";
		};
		74F8CEE4236B938200613AFC /* CoreData */ = {
			isa = PBXGroup;
			children = (
				74F8CEC5236B8DF300613AFC /* MeSeeHero.xcdatamodeld */,
				74F8CEE9236B954200613AFC /* CoreDataStack.swift */,
				74F8CEEB236B957200613AFC /* Item+CoreDataClass.swift */,
				74F8CEED236B95C400613AFC /* Item+CoreDataProperties.swift */,
			);
			path = CoreData;
			sourceTree = "<group>";
		};
/* End PBXGroup section */

/* Begin PBXNativeTarget section */
		74F8CEBA236B8DF300613AFC /* MeSeeHero */ = {
			isa = PBXNativeTarget;
			buildConfigurationList = 74F8CEDB236B8DF600613AFC /* Build configuration list for PBXNativeTarget "MeSeeHero" */;
			buildPhases = (
				74F8CEB7236B8DF300613AFC /* Sources */,
				74F8CEB8236B8DF300613AFC /* Frameworks */,
				74F8CEB9236B8DF300613AFC /* Resources */,
			);
			buildRules = (
			);
			dependencies = (
			);
			name = MeSeeHero;
			productName = MeSeeHero;
			productReference = 74F8CEBB236B8DF300613AFC /* MeSeeHero.app */;
			productType = "com.apple.product-type.application";
		};
		74F8CED1236B8DF600613AFC /* MeSeeHeroUITests */ = {
			isa = PBXNativeTarget;
			buildConfigurationList = 74F8CEDE236B8DF600613AFC /* Build configuration list for PBXNativeTarget "MeSeeHeroUITests" */;
			buildPhases = (
				74F8CECE236B8DF600613AFC /* Sources */,
				74F8CECF236B8DF600613AFC /* Frameworks */,
				74F8CED0236B8DF600613AFC /* Resources */,
			);
			buildRules = (
			);
			dependencies = (
				74F8CED4236B8DF600613AFC /* PBXTargetDependency */,
			);
			name = MeSeeHeroUITests;
			productName = MeSeeHeroUITests;
			productReference = 74F8CED2236B8DF600613AFC /* MeSeeHeroUITests.xctest */;
			productType = "com.apple.product-type.bundle.ui-testing";
		};
/* End PBXNativeTarget section */

/* Begin PBXProject section */
		74F8CEB3236B8DF300613AFC /* Project object */ = {
			isa = PBXProject;
			attributes = {
				LastSwiftUpdateCheck = 1030;
				LastUpgradeCheck = 1030;
				ORGANIZATIONNAME = X1;
				TargetAttributes = {
					74F8CEBA236B8DF300613AFC = {
						CreatedOnToolsVersion = 10.3;
					};
					74F8CED1236B8DF600613AFC = {
						CreatedOnToolsVersion = 10.3;
						TestTargetID = 74F8CEBA236B8DF300613AFC;
					};
				};
			};
			buildConfigurationList = 74F8CEB6236B8DF300613AFC /* Build configuration list for PBXProject "MeSeeHero" */;
			compatibilityVersion = "Xcode 9.3";
			developmentRegion = en;
			hasScannedForEncodings = 0;
			knownRegions = (
				en,
				Base,
			);
			mainGroup = 74F8CEB2236B8DF300613AFC;
			productRefGroup = 74F8CEBC236B8DF300613AFC /* Products */;
			projectDirPath = "";
			projectRoot = "";
			targets = (
				74F8CEBA236B8DF300613AFC /* MeSeeHero */,
				74F8CED1236B8DF600613AFC /* MeSeeHeroUITests */,
			);
		};
/* End PBXProject section */

/* Begin PBXResourcesBuildPhase section */
		74F8CEB9236B8DF300613AFC /* Resources */ = {
			isa = PBXResourcesBuildPhase;
			buildActionMask = 2147483647;
			files = (
				74F8CECC236B8DF600613AFC /* LaunchScreen.storyboard in Resources */,
				74F8CEC9236B8DF600613AFC /* Assets.xcassets in Resources */,
				74F8CEC4236B8DF300613AFC /* Main.storyboard in Resources */,
			);
			runOnlyForDeploymentPostprocessing = 0;
		};
		74F8CED0236B8DF600613AFC /* Resources */ = {
			isa = PBXResourcesBuildPhase;
			buildActionMask = 2147483647;
			files = (
			);
			runOnlyForDeploymentPostprocessing = 0;
		};
/* End PBXResourcesBuildPhase section */

/* Begin PBXSourcesBuildPhase section */
		74F8CEB7236B8DF300613AFC /* Sources */ = {
			isa = PBXSourcesBuildPhase;
			buildActionMask = 2147483647;
			files = (
				74F8CEEE236B95C400613AFC /* Item+CoreDataProperties.swift in Sources */,
				74F8CEF0236BDA1F00613AFC /* HeroType.swift in Sources */,
				74F8CEEC236B957200613AFC /* Item+CoreDataClass.swift in Sources */,
				74F8CEEA236B954200613AFC /* CoreDataStack.swift in Sources */,
				74F8CEC7236B8DF400613AFC /* MeSeeHero.xcdatamodeld in Sources */,
				74F8CEF6236E1A9A00613AFC /* DetailVC.swift in Sources */,
				74F8CEF4236BF5EC00613AFC /* EditItemVC.swift in Sources */,
				74F8CEBF236B8DF300613AFC /* AppDelegate.swift in Sources */,
				74F8CEE3236B937800613AFC /* HeroTVC.swift in Sources */,
				74F8CEE6236B93CF00613AFC /* HeroTVCell.swift in Sources */,
			);
			runOnlyForDeploymentPostprocessing = 0;
		};
		74F8CECE236B8DF600613AFC /* Sources */ = {
			isa = PBXSourcesBuildPhase;
			buildActionMask = 2147483647;
			files = (
				74F8CED7236B8DF600613AFC /* MeSeeHeroUITests.swift in Sources */,
			);
			runOnlyForDeploymentPostprocessing = 0;
		};
/* End PBXSourcesBuildPhase section */

/* Begin PBXTargetDependency section */
		74F8CED4236B8DF600613AFC /* PBXTargetDependency */ = {
			isa = PBXTargetDependency;
			target = 74F8CEBA236B8DF300613AFC /* MeSeeHero */;
			targetProxy = 74F8CED3236B8DF600613AFC /* PBXContainerItemProxy */;
		};
/* End PBXTargetDependency section */

/* Begin PBXVariantGroup section */
		74F8CEC2236B8DF300613AFC /* Main.storyboard */ = {
			isa = PBXVariantGroup;
			children = (
				74F8CEC3236B8DF300613AFC /* Base */,
			);
			name = Main.storyboard;
			sourceTree = "<group>";
		};
		74F8CECA236B8DF600613AFC /* LaunchScreen.storyboard */ = {
			isa = PBXVariantGroup;
			children = (
				74F8CECB236B8DF600613AFC /* Base */,
			);
			name = LaunchScreen.storyboard;
			sourceTree = "<group>";
		};
/* End PBXVariantGroup section */

/* Begin XCBuildConfiguration section */
		74F8CED9236B8DF600613AFC /* Debug */ = {
			isa = XCBuildConfiguration;
			buildSettings = {
				ALWAYS_SEARCH_USER_PATHS = NO;
				CLANG_ANALYZER_NONNULL = YES;
				CLANG_ANALYZER_NUMBER_OBJECT_CONVERSION = YES_AGGRESSIVE;
				CLANG_CXX_LANGUAGE_STANDARD = "gnu++14";
				CLANG_CXX_LIBRARY = "libc++";
				CLANG_ENABLE_MODULES = YES;
				CLANG_ENABLE_OBJC_ARC = YES;
				CLANG_ENABLE_OBJC_WEAK = YES;
				CLANG_WARN_BLOCK_CAPTURE_AUTORELEASING = YES;
				CLANG_WARN_BOOL_CONVERSION = YES;
				CLANG_WARN_COMMA = YES;
				CLANG_WARN_CONSTANT_CONVERSION = YES;
				CLANG_WARN_DEPRECATED_OBJC_IMPLEMENTATIONS = YES;
				CLANG_WARN_DIRECT_OBJC_ISA_USAGE = YES_ERROR;
				CLANG_WARN_DOCUMENTATION_COMMENTS = YES;
				CLANG_WARN_EMPTY_BODY = YES;
				CLANG_WARN_ENUM_CONVERSION = YES;
				CLANG_WARN_INFINITE_RECURSION = YES;
				CLANG_WARN_INT_CONVERSION = YES;
				CLANG_WARN_NON_LITERAL_NULL_CONVERSION = YES;
				CLANG_WARN_OBJC_IMPLICIT_RETAIN_SELF = YES;
				CLANG_WARN_OBJC_LITERAL_CONVERSION = YES;
				CLANG_WARN_OBJC_ROOT_CLASS = YES_ERROR;
				CLANG_WARN_RANGE_LOOP_ANALYSIS = YES;
				CLANG_WARN_STRICT_PROTOTYPES = YES;
				CLANG_WARN_SUSPICIOUS_MOVE = YES;
				CLANG_WARN_UNGUARDED_AVAILABILITY = YES_AGGRESSIVE;
				CLANG_WARN_UNREACHABLE_CODE = YES;
				CLANG_WARN__DUPLICATE_METHOD_MATCH = YES;
				CODE_SIGN_IDENTITY = "iPhone Developer";
				COPY_PHASE_STRIP = NO;
				DEBUG_INFORMATION_FORMAT = dwarf;
				ENABLE_STRICT_OBJC_MSGSEND = YES;
				ENABLE_TESTABILITY = YES;
				GCC_C_LANGUAGE_STANDARD = gnu11;
				GCC_DYNAMIC_NO_PIC = NO;
				GCC_NO_COMMON_BLOCKS = YES;
				GCC_OPTIMIZATION_LEVEL = 0;
				GCC_PREPROCESSOR_DEFINITIONS = (
					"DEBUG=1",
					"$(inherited)",
				);
				GCC_WARN_64_TO_32_BIT_CONVERSION = YES;
				GCC_WARN_ABOUT_RETURN_TYPE = YES_ERROR;
				GCC_WARN_UNDECLARED_SELECTOR = YES;
				GCC_WARN_UNINITIALIZED_AUTOS = YES_AGGRESSIVE;
				GCC_WARN_UNUSED_FUNCTION = YES;
				GCC_WARN_UNUSED_VARIABLE = YES;
				IPHONEOS_DEPLOYMENT_TARGET = 12.4;
				MTL_ENABLE_DEBUG_INFO = INCLUDE_SOURCE;
				MTL_FAST_MATH = YES;
				ONLY_ACTIVE_ARCH = YES;
				SDKROOT = iphoneos;
				SWIFT_ACTIVE_COMPILATION_CONDITIONS = DEBUG;
				SWIFT_OPTIMIZATION_LEVEL = "-Onone";
			};
			name = Debug;
		};
		74F8CEDA236B8DF600613AFC /* Release */ = {
			isa = XCBuildConfiguration;
			buildSettings = {
				ALWAYS_SEARCH_USER_PATHS = NO;
				CLANG_ANALYZER_NONNULL = YES;
				CLANG_ANALYZER_NUMBER_OBJECT_CONVERSION = YES_AGGRESSIVE;
				CLANG_CXX_LANGUAGE_STANDARD = "gnu++14";
				CLANG_CXX_LIBRARY = "libc++";
				CLANG_ENABLE_MODULES = YES;
				CLANG_ENABLE_OBJC_ARC = YES;
				CLANG_ENABLE_OBJC_WEAK = YES;
				CLANG_WARN_BLOCK_CAPTURE_AUTORELEASING = YES;
				CLANG_WARN_BOOL_CONVERSION = YES;
				CLANG_WARN_COMMA = YES;
				CLANG_WARN_CONSTANT_CONVERSION = YES;
				CLANG_WARN_DEPRECATED_OBJC_IMPLEMENTATIONS = YES;
				CLANG_WARN_DIRECT_OBJC_ISA_USAGE = YES_ERROR;
				CLANG_WARN_DOCUMENTATION_COMMENTS = YES;
				CLANG_WARN_EMPTY_BODY = YES;
				CLANG_WARN_ENUM_CONVERSION = YES;
				CLANG_WARN_INFINITE_RECURSION = YES;
				CLANG_WARN_INT_CONVERSION = YES;
				CLANG_WARN_NON_LITERAL_NULL_CONVERSION = YES;
				CLANG_WARN_OBJC_IMPLICIT_RETAIN_SELF = YES;
				CLANG_WARN_OBJC_LITERAL_CONVERSION = YES;
				CLANG_WARN_OBJC_ROOT_CLASS = YES_ERROR;
				CLANG_WARN_RANGE_LOOP_ANALYSIS = YES;
				CLANG_WARN_STRICT_PROTOTYPES = YES;
				CLANG_WARN_SUSPICIOUS_MOVE = YES;
				CLANG_WARN_UNGUARDED_AVAILABILITY = YES_AGGRESSIVE;
				CLANG_WARN_UNREACHABLE_CODE = YES;
				CLANG_WARN__DUPLICATE_METHOD_MATCH = YES;
				CODE_SIGN_IDENTITY = "iPhone Developer";
				COPY_PHASE_STRIP = NO;
				DEBUG_INFORMATION_FORMAT = "dwarf-with-dsym";
				ENABLE_NS_ASSERTIONS = NO;
				ENABLE_STRICT_OBJC_MSGSEND = YES;
				GCC_C_LANGUAGE_STANDARD = gnu11;
				GCC_NO_COMMON_BLOCKS = YES;
				GCC_WARN_64_TO_32_BIT_CONVERSION = YES;
				GCC_WARN_ABOUT_RETURN_TYPE = YES_ERROR;
				GCC_WARN_UNDECLARED_SELECTOR = YES;
				GCC_WARN_UNINITIALIZED_AUTOS = YES_AGGRESSIVE;
				GCC_WARN_UNUSED_FUNCTION = YES;
				GCC_WARN_UNUSED_VARIABLE = YES;
				IPHONEOS_DEPLOYMENT_TARGET = 12.4;
				MTL_ENABLE_DEBUG_INFO = NO;
				MTL_FAST_MATH = YES;
				SDKROOT = iphoneos;
				SWIFT_COMPILATION_MODE = wholemodule;
				SWIFT_OPTIMIZATION_LEVEL = "-O";
				VALIDATE_PRODUCT = YES;
			};
			name = Release;
		};
		74F8CEDC236B8DF600613AFC /* Debug */ = {
			isa = XCBuildConfiguration;
			buildSettings = {
				ASSETCATALOG_COMPILER_APPICON_NAME = AppIcon;
				CODE_SIGN_STYLE = Automatic;
				DEVELOPMENT_TEAM = 35ZNJ39GCZ;
				INFOPLIST_FILE = MeSeeHero/Info.plist;
				LD_RUNPATH_SEARCH_PATHS = (
					"$(inherited)",
					"@executable_path/Frameworks",
				);
				PRODUCT_BUNDLE_IDENTIFIER = "-.MeSeeHero";
				PRODUCT_NAME = "$(TARGET_NAME)";
				SWIFT_VERSION = 5.0;
				TARGETED_DEVICE_FAMILY = 2;
			};
			name = Debug;
		};
		74F8CEDD236B8DF600613AFC /* Release */ = {
			isa = XCBuildConfiguration;
			buildSettings = {
				ASSETCATALOG_COMPILER_APPICON_NAME = AppIcon;
				CODE_SIGN_STYLE = Automatic;
				DEVELOPMENT_TEAM = 35ZNJ39GCZ;
				INFOPLIST_FILE = MeSeeHero/Info.plist;
				LD_RUNPATH_SEARCH_PATHS = (
					"$(inherited)",
					"@executable_path/Frameworks",
				);
				PRODUCT_BUNDLE_IDENTIFIER = "-.MeSeeHero";
				PRODUCT_NAME = "$(TARGET_NAME)";
				SWIFT_VERSION = 5.0;
				TARGETED_DEVICE_FAMILY = 2;
			};
			name = Release;
		};
		74F8CEDF236B8DF600613AFC /* Debug */ = {
			isa = XCBuildConfiguration;
			buildSettings = {
				ALWAYS_EMBED_SWIFT_STANDARD_LIBRARIES = YES;
				CODE_SIGN_STYLE = Automatic;
				DEVELOPMENT_TEAM = 35ZNJ39GCZ;
				INFOPLIST_FILE = MeSeeHeroUITests/Info.plist;
				LD_RUNPATH_SEARCH_PATHS = (
					"$(inherited)",
					"@executable_path/Frameworks",
					"@loader_path/Frameworks",
				);
				PRODUCT_BUNDLE_IDENTIFIER = "-.MeSeeHeroUITests";
				PRODUCT_NAME = "$(TARGET_NAME)";
				SWIFT_VERSION = 5.0;
				TARGETED_DEVICE_FAMILY = "1,2";
				TEST_TARGET_NAME = MeSeeHero;
			};
			name = Debug;
		};
		74F8CEE0236B8DF600613AFC /* Release */ = {
			isa = XCBuildConfiguration;
			buildSettings = {
				ALWAYS_EMBED_SWIFT_STANDARD_LIBRARIES = YES;
				CODE_SIGN_STYLE = Automatic;
				DEVELOPMENT_TEAM = 35ZNJ39GCZ;
				INFOPLIST_FILE = MeSeeHeroUITests/Info.plist;
				LD_RUNPATH_SEARCH_PATHS = (
					"$(inherited)",
					"@executable_path/Frameworks",
					"@loader_path/Frameworks",
				);
				PRODUCT_BUNDLE_IDENTIFIER = "-.MeSeeHeroUITests";
				PRODUCT_NAME = "$(TARGET_NAME)";
				SWIFT_VERSION = 5.0;
				TARGETED_DEVICE_FAMILY = "1,2";
				TEST_TARGET_NAME = MeSeeHero;
			};
			name = Release;
		};
/* End XCBuildConfiguration section */

/* Begin XCConfigurationList section */
		74F8CEB6236B8DF300613AFC /* Build configuration list for PBXProject "MeSeeHero" */ = {
			isa = XCConfigurationList;
			buildConfigurations = (
				74F8CED9236B8DF600613AFC /* Debug */,
				74F8CEDA236B8DF600613AFC /* Release */,
			);
			defaultConfigurationIsVisible = 0;
			defaultConfigurationName = Release;
		};
		74F8CEDB236B8DF600613AFC /* Build configuration list for PBXNativeTarget "MeSeeHero" */ = {
			isa = XCConfigurationList;
			buildConfigurations = (
				74F8CEDC236B8DF600613AFC /* Debug */,
				74F8CEDD236B8DF600613AFC /* Release */,
			);
			defaultConfigurationIsVisible = 0;
			defaultConfigurationName = Release;
		};
		74F8CEDE236B8DF600613AFC /* Build configuration list for PBXNativeTarget "MeSeeHeroUITests" */ = {
			isa = XCConfigurationList;
			buildConfigurations = (
				74F8CEDF236B8DF600613AFC /* Debug */,
				74F8CEE0236B8DF600613AFC /* Release */,
			);
			defaultConfigurationIsVisible = 0;
			defaultConfigurationName = Release;
		};
/* End XCConfigurationList section */

/* Begin XCVersionGroup section */
		74F8CEC5236B8DF300613AFC /* MeSeeHero.xcdatamodeld */ = {
			isa = XCVersionGroup;
			children = (
				74F8CEC6236B8DF300613AFC /* MeSeeHero.xcdatamodel */,
			);
			currentVersion = 74F8CEC6236B8DF300613AFC /* MeSeeHero.xcdatamodel */;
			path = MeSeeHero.xcdatamodeld;
			sourceTree = "<group>";
			versionGroupType = wrapper.xcdatamodel;
		};
/* End XCVersionGroup section */
	};
	rootObject = 74F8CEB3236B8DF300613AFC /* Project object */;
}
